{
  "name": "ISiK-EU-Compare",
  "lockfileVersion": 3,
  "requires": true,
  "packages": {
    "": {
      "dependencies": {
        "hl7.fhir.eu.base": "^0.1.0",
        "hl7.fhir.eu.hdr": "^0.1.0-ballot"
      }
    },
    "node_modules/hl7.fhir.eu.base": {
      "version": "0.1.0",
      "resolved": "https://packages.simplifier.net/hl7.fhir.eu.base/0.1.0",
      "integrity": "sha1-y7L1UKrvCDffPzOHbuDU16OgQ/w="
    },
    "node_modules/hl7.fhir.eu.hdr": {
      "version": "0.1.0-ballot",
      "resolved": "https://packages.simplifier.net/hl7.fhir.eu.hdr/0.1.0-ballot",
      "integrity": "sha1-N2w9afyR8uI+pdbTF6t6oy4DeBg="
    }
  }
}
